Microsoft Visual Studio Solution File, Format Version 10.00
# Visual Studio 2008
Project("{FAE04EC0-301F-11D3-BF4B-00C04F79EFBC}") = "UnitTests", "UnitTests\UnitTests.csproj", "{E3B1686C-DCB3-44E7-BB25-9483592EA942}"
EndProject
Project("{2150E333-8FDC-42A3-9474-1A3956D46DE8}") = "Solution Items", "Solution Items", "{0691ABF2-B3C7-43BF-9862-2D8D1299CE58}"
	ProjectSection(SolutionItems) = preProject
		CommonAssemblyInfo.cs = CommonAssemblyInfo.cs
		..\go.bat = ..\go.bat
		..\LinFu.build = ..\LinFu.build
	EndProjectSection
EndProject
Project("{FAE04EC0-301F-11D3-BF4B-00C04F79EFBC}") = "LinFu.IoC.Interfaces", "LinFu.IoC.Interfaces\LinFu.IoC.Interfaces.csproj", "{C6AC7707-9288-4ADF-9053-34FE71FFE0BE}"
EndProject
Project("{FAE04EC0-301F-11D3-BF4B-00C04F79EFBC}") = "LinFu.IoC", "LinFu.IoC\LinFu.IoC.csproj", "{FA3D5517-EFF4-4363-AFF2-EF67B981334E}"
EndProject
Project("{FAE04EC0-301F-11D3-BF4B-00C04F79EFBC}") = "LinFu.IoC.Factories", "LinFu.IoC.Factories\LinFu.IoC.Factories.csproj", "{14DB06BE-3178-4A01-98AB-DFC65485E567}"
EndProject
Project("{FAE04EC0-301F-11D3-BF4B-00C04F79EFBC}") = "LinFu.IoC.Extensions", "LinFu.IoC.Extensions\LinFu.IoC.Extensions.csproj", "{9FFE90E0-49C0-4C37-91AE-ADB9B2F3D832}"
EndProject
Project("{FAE04EC0-301F-11D3-BF4B-00C04F79EFBC}") = "LinFu.IoC.Configuration", "LinFu.IoC.Configuration\LinFu.IoC.Configuration.csproj", "{EFBACCF3-C834-4114-9FC1-1F190DD6CE98}"
EndProject
Project("{FAE04EC0-301F-11D3-BF4B-00C04F79EFBC}") = "LinFu.IoC.Configuration.Interfaces", "LinFu.IoC.Configuration.Interfaces\LinFu.IoC.Configuration.Interfaces.csproj", "{857A7827-0969-4BC7-A941-61A060B9BBA8}"
EndProject
Project("{FAE04EC0-301F-11D3-BF4B-00C04F79EFBC}") = "SampleLibrary", "SampleLibrary\SampleLibrary.csproj", "{DEFBEF97-B03C-448F-9518-394735439E2E}"
EndProject
Project("{FAE04EC0-301F-11D3-BF4B-00C04F79EFBC}") = "LinFu.Reflection", "LinFu.Reflection\LinFu.Reflection.csproj", "{22EEB00F-F471-486C-A6AD-60F088821C78}"
EndProject
Project("{FAE04EC0-301F-11D3-BF4B-00C04F79EFBC}") = "LinFu.Reflection.Interfaces", "LinFu.Reflection.Interfaces\LinFu.Reflection.Interfaces.csproj", "{2470C3FC-4EFD-40DC-9EB7-759325B35E5C}"
EndProject
Project("{2150E333-8FDC-42A3-9474-1A3956D46DE8}") = "Interfaces", "Interfaces", "{5B5BB34E-7987-48F2-8183-D8AE3D7AB361}"
EndProject
Project("{2150E333-8FDC-42A3-9474-1A3956D46DE8}") = "Implementations", "Implementations", "{6298C321-5C1D-43DD-B372-9CBF4529E9B4}"
EndProject
Global
	GlobalSection(SolutionConfigurationPlatforms) = preSolution
		AutomatedDebug|Any CPU = AutomatedDebug|Any CPU
		Debug|Any CPU = Debug|Any CPU
		Release|Any CPU = Release|Any CPU
	EndGlobalSection
	GlobalSection(ProjectConfigurationPlatforms) = postSolution
		{E3B1686C-DCB3-44E7-BB25-9483592EA942}.AutomatedDebug|Any CPU.ActiveCfg = AutomatedDebug|Any CPU
		{E3B1686C-DCB3-44E7-BB25-9483592EA942}.AutomatedDebug|Any CPU.Build.0 = AutomatedDebug|Any CPU
		{E3B1686C-DCB3-44E7-BB25-9483592EA942}.Debug|Any CPU.ActiveCfg = Debug|Any CPU
		{E3B1686C-DCB3-44E7-BB25-9483592EA942}.Debug|Any CPU.Build.0 = Debug|Any CPU
		{E3B1686C-DCB3-44E7-BB25-9483592EA942}.Release|Any CPU.ActiveCfg = Release|Any CPU
		{E3B1686C-DCB3-44E7-BB25-9483592EA942}.Release|Any CPU.Build.0 = Release|Any CPU
		{C6AC7707-9288-4ADF-9053-34FE71FFE0BE}.AutomatedDebug|Any CPU.ActiveCfg = Debug|Any CPU
		{C6AC7707-9288-4ADF-9053-34FE71FFE0BE}.AutomatedDebug|Any CPU.Build.0 = Debug|Any CPU
		{C6AC7707-9288-4ADF-9053-34FE71FFE0BE}.Debug|Any CPU.ActiveCfg = Debug|Any CPU
		{C6AC7707-9288-4ADF-9053-34FE71FFE0BE}.Debug|Any CPU.Build.0 = Debug|Any CPU
		{C6AC7707-9288-4ADF-9053-34FE71FFE0BE}.Release|Any CPU.ActiveCfg = Release|Any CPU
		{C6AC7707-9288-4ADF-9053-34FE71FFE0BE}.Release|Any CPU.Build.0 = Release|Any CPU
		{FA3D5517-EFF4-4363-AFF2-EF67B981334E}.AutomatedDebug|Any CPU.ActiveCfg = Debug|Any CPU
		{FA3D5517-EFF4-4363-AFF2-EF67B981334E}.AutomatedDebug|Any CPU.Build.0 = Debug|Any CPU
		{FA3D5517-EFF4-4363-AFF2-EF67B981334E}.Debug|Any CPU.ActiveCfg = Debug|Any CPU
		{FA3D5517-EFF4-4363-AFF2-EF67B981334E}.Debug|Any CPU.Build.0 = Debug|Any CPU
		{FA3D5517-EFF4-4363-AFF2-EF67B981334E}.Release|Any CPU.ActiveCfg = Release|Any CPU
		{FA3D5517-EFF4-4363-AFF2-EF67B981334E}.Release|Any CPU.Build.0 = Release|Any CPU
		{14DB06BE-3178-4A01-98AB-DFC65485E567}.AutomatedDebug|Any CPU.ActiveCfg = Debug|Any CPU
		{14DB06BE-3178-4A01-98AB-DFC65485E567}.AutomatedDebug|Any CPU.Build.0 = Debug|Any CPU
		{14DB06BE-3178-4A01-98AB-DFC65485E567}.Debug|Any CPU.ActiveCfg = Debug|Any CPU
		{14DB06BE-3178-4A01-98AB-DFC65485E567}.Debug|Any CPU.Build.0 = Debug|Any CPU
		{14DB06BE-3178-4A01-98AB-DFC65485E567}.Release|Any CPU.ActiveCfg = Release|Any CPU
		{14DB06BE-3178-4A01-98AB-DFC65485E567}.Release|Any CPU.Build.0 = Release|Any CPU
		{9FFE90E0-49C0-4C37-91AE-ADB9B2F3D832}.AutomatedDebug|Any CPU.ActiveCfg = Debug|Any CPU
		{9FFE90E0-49C0-4C37-91AE-ADB9B2F3D832}.AutomatedDebug|Any CPU.Build.0 = Debug|Any CPU
		{9FFE90E0-49C0-4C37-91AE-ADB9B2F3D832}.Debug|Any CPU.ActiveCfg = Debug|Any CPU
		{9FFE90E0-49C0-4C37-91AE-ADB9B2F3D832}.Debug|Any CPU.Build.0 = Debug|Any CPU
		{9FFE90E0-49C0-4C37-91AE-ADB9B2F3D832}.Release|Any CPU.ActiveCfg = Release|Any CPU
		{9FFE90E0-49C0-4C37-91AE-ADB9B2F3D832}.Release|Any CPU.Build.0 = Release|Any CPU
		{EFBACCF3-C834-4114-9FC1-1F190DD6CE98}.AutomatedDebug|Any CPU.ActiveCfg = Debug|Any CPU
		{EFBACCF3-C834-4114-9FC1-1F190DD6CE98}.AutomatedDebug|Any CPU.Build.0 = Debug|Any CPU
		{EFBACCF3-C834-4114-9FC1-1F190DD6CE98}.Debug|Any CPU.ActiveCfg = Debug|Any CPU
		{EFBACCF3-C834-4114-9FC1-1F190DD6CE98}.Debug|Any CPU.Build.0 = Debug|Any CPU
		{EFBACCF3-C834-4114-9FC1-1F190DD6CE98}.Release|Any CPU.ActiveCfg = Release|Any CPU
		{EFBACCF3-C834-4114-9FC1-1F190DD6CE98}.Release|Any CPU.Build.0 = Release|Any CPU
		{857A7827-0969-4BC7-A941-61A060B9BBA8}.AutomatedDebug|Any CPU.ActiveCfg = Debug|Any CPU
		{857A7827-0969-4BC7-A941-61A060B9BBA8}.AutomatedDebug|Any CPU.Build.0 = Debug|Any CPU
		{857A7827-0969-4BC7-A941-61A060B9BBA8}.Debug|Any CPU.ActiveCfg = Debug|Any CPU
		{857A7827-0969-4BC7-A941-61A060B9BBA8}.Debug|Any CPU.Build.0 = Debug|Any CPU
		{857A7827-0969-4BC7-A941-61A060B9BBA8}.Release|Any CPU.ActiveCfg = Release|Any CPU
		{857A7827-0969-4BC7-A941-61A060B9BBA8}.Release|Any CPU.Build.0 = Release|Any CPU
		{DEFBEF97-B03C-448F-9518-394735439E2E}.AutomatedDebug|Any CPU.ActiveCfg = Debug|Any CPU
		{DEFBEF97-B03C-448F-9518-394735439E2E}.AutomatedDebug|Any CPU.Build.0 = Debug|Any CPU
		{DEFBEF97-B03C-448F-9518-394735439E2E}.Debug|Any CPU.ActiveCfg = Debug|Any CPU
		{DEFBEF97-B03C-448F-9518-394735439E2E}.Debug|Any CPU.Build.0 = Debug|Any CPU
		{DEFBEF97-B03C-448F-9518-394735439E2E}.Release|Any CPU.ActiveCfg = Release|Any CPU
		{DEFBEF97-B03C-448F-9518-394735439E2E}.Release|Any CPU.Build.0 = Release|Any CPU
		{22EEB00F-F471-486C-A6AD-60F088821C78}.AutomatedDebug|Any CPU.ActiveCfg = Debug|Any CPU
		{22EEB00F-F471-486C-A6AD-60F088821C78}.AutomatedDebug|Any CPU.Build.0 = Debug|Any CPU
		{22EEB00F-F471-486C-A6AD-60F088821C78}.Debug|Any CPU.ActiveCfg = Debug|Any CPU
		{22EEB00F-F471-486C-A6AD-60F088821C78}.Debug|Any CPU.Build.0 = Debug|Any CPU
		{22EEB00F-F471-486C-A6AD-60F088821C78}.Release|Any CPU.ActiveCfg = Release|Any CPU
		{22EEB00F-F471-486C-A6AD-60F088821C78}.Release|Any CPU.Build.0 = Release|Any CPU
		{2470C3FC-4EFD-40DC-9EB7-759325B35E5C}.AutomatedDebug|Any CPU.ActiveCfg = Debug|Any CPU
		{2470C3FC-4EFD-40DC-9EB7-759325B35E5C}.AutomatedDebug|Any CPU.Build.0 = Debug|Any CPU
		{2470C3FC-4EFD-40DC-9EB7-759325B35E5C}.Debug|Any CPU.ActiveCfg = Debug|Any CPU
		{2470C3FC-4EFD-40DC-9EB7-759325B35E5C}.Debug|Any CPU.Build.0 = Debug|Any CPU
		{2470C3FC-4EFD-40DC-9EB7-759325B35E5C}.Release|Any CPU.ActiveCfg = Release|Any CPU
		{2470C3FC-4EFD-40DC-9EB7-759325B35E5C}.Release|Any CPU.Build.0 = Release|Any CPU
	EndGlobalSection
	GlobalSection(SolutionProperties) = preSolution
		HideSolutionNode = FALSE
	EndGlobalSection
	GlobalSection(NestedProjects) = preSolution
		{857A7827-0969-4BC7-A941-61A060B9BBA8} = {5B5BB34E-7987-48F2-8183-D8AE3D7AB361}
		{C6AC7707-9288-4ADF-9053-34FE71FFE0BE} = {5B5BB34E-7987-48F2-8183-D8AE3D7AB361}
		{2470C3FC-4EFD-40DC-9EB7-759325B35E5C} = {5B5BB34E-7987-48F2-8183-D8AE3D7AB361}
		{FA3D5517-EFF4-4363-AFF2-EF67B981334E} = {6298C321-5C1D-43DD-B372-9CBF4529E9B4}
		{EFBACCF3-C834-4114-9FC1-1F190DD6CE98} = {6298C321-5C1D-43DD-B372-9CBF4529E9B4}
		{9FFE90E0-49C0-4C37-91AE-ADB9B2F3D832} = {6298C321-5C1D-43DD-B372-9CBF4529E9B4}
		{14DB06BE-3178-4A01-98AB-DFC65485E567} = {6298C321-5C1D-43DD-B372-9CBF4529E9B4}
		{22EEB00F-F471-486C-A6AD-60F088821C78} = {6298C321-5C1D-43DD-B372-9CBF4529E9B4}
	EndGlobalSection
	GlobalSection(ExtensibilityGlobals) = postSolution
		VisualSVNWorkingCopyRoot = ..
	EndGlobalSection
EndGlobal
