Microsoft Visual Studio Solution File, Format Version 10.00
# Visual Studio 2008
Project("{FAE04EC0-301F-11D3-BF4B-00C04F79EFBC}") = "UnitTests", "UnitTests\UnitTests.csproj", "{E3B1686C-DCB3-44E7-BB25-9483592EA942}"
EndProject
Project("{2150E333-8FDC-42A3-9474-1A3956D46DE8}") = "Solution Items", "Solution Items", "{0691ABF2-B3C7-43BF-9862-2D8D1299CE58}"
	ProjectSection(SolutionItems) = preProject
		CommonAssemblyInfo.cs = CommonAssemblyInfo.cs
		..\go.bat = ..\go.bat
		..\LinFu.build = ..\LinFu.build
		..\LinFu.License.txt = ..\LinFu.License.txt
	EndProjectSection
EndProject
Project("{FAE04EC0-301F-11D3-BF4B-00C04F79EFBC}") = "LinFu.IoC.Interfaces", "LinFu.IoC.Interfaces\LinFu.IoC.Interfaces.csproj", "{C6AC7707-9288-4ADF-9053-34FE71FFE0BE}"
EndProject
Project("{FAE04EC0-301F-11D3-BF4B-00C04F79EFBC}") = "LinFu.IoC", "LinFu.IoC\LinFu.IoC.csproj", "{FA3D5517-EFF4-4363-AFF2-EF67B981334E}"
EndProject
Project("{FAE04EC0-301F-11D3-BF4B-00C04F79EFBC}") = "LinFu.IoC.Factories", "LinFu.IoC.Factories\LinFu.IoC.Factories.csproj", "{14DB06BE-3178-4A01-98AB-DFC65485E567}"
EndProject
Project("{FAE04EC0-301F-11D3-BF4B-00C04F79EFBC}") = "LinFu.IoC.Extensions", "LinFu.IoC.Extensions\LinFu.IoC.Extensions.csproj", "{9FFE90E0-49C0-4C37-91AE-ADB9B2F3D832}"
EndProject
Project("{FAE04EC0-301F-11D3-BF4B-00C04F79EFBC}") = "LinFu.IoC.Configuration", "LinFu.IoC.Configuration\LinFu.IoC.Configuration.csproj", "{EFBACCF3-C834-4114-9FC1-1F190DD6CE98}"
EndProject
Project("{FAE04EC0-301F-11D3-BF4B-00C04F79EFBC}") = "LinFu.IoC.Configuration.Interfaces", "LinFu.IoC.Configuration.Interfaces\LinFu.IoC.Configuration.Interfaces.csproj", "{857A7827-0969-4BC7-A941-61A060B9BBA8}"
EndProject
Project("{FAE04EC0-301F-11D3-BF4B-00C04F79EFBC}") = "SampleLibrary", "SampleLibrary\SampleLibrary.csproj", "{DEFBEF97-B03C-448F-9518-394735439E2E}"
EndProject
Project("{FAE04EC0-301F-11D3-BF4B-00C04F79EFBC}") = "LinFu.Reflection", "LinFu.Reflection\LinFu.Reflection.csproj", "{22EEB00F-F471-486C-A6AD-60F088821C78}"
EndProject
Project("{FAE04EC0-301F-11D3-BF4B-00C04F79EFBC}") = "LinFu.Reflection.Interfaces", "LinFu.Reflection.Interfaces\LinFu.Reflection.Interfaces.csproj", "{2470C3FC-4EFD-40DC-9EB7-759325B35E5C}"
EndProject
Project("{2150E333-8FDC-42A3-9474-1A3956D46DE8}") = "Interfaces", "Interfaces", "{5B5BB34E-7987-48F2-8183-D8AE3D7AB361}"
EndProject
Project("{2150E333-8FDC-42A3-9474-1A3956D46DE8}") = "Implementations", "Implementations", "{6298C321-5C1D-43DD-B372-9CBF4529E9B4}"
EndProject
Project("{2150E333-8FDC-42A3-9474-1A3956D46DE8}") = "Tests", "Tests", "{ABA33622-285A-4272-BAC9-5ED0855E1AF5}"
EndProject
Project("{FAE04EC0-301F-11D3-BF4B-00C04F79EFBC}") = "LinFu.IoC.Plugins", "LinFu.IoC.Plugins\LinFu.IoC.Plugins.csproj", "{2554BD3F-0054-4963-A42C-8ADA07590E04}"
EndProject
Project("{FAE04EC0-301F-11D3-BF4B-00C04F79EFBC}") = "LinFu.Reflection.Plugins", "LinFu.Reflection.Plugins\LinFu.Reflection.Plugins.csproj", "{E931E87A-3ED8-4028-8990-F0F4054C0847}"
EndProject
Project("{FAE04EC0-301F-11D3-BF4B-00C04F79EFBC}") = "LinFu.DynamicProxy2.Interfaces", "LinFu.DynamicProxy2.Interfaces\LinFu.DynamicProxy2.Interfaces.csproj", "{6C29A409-6148-49AC-A192-DC6F33F3304C}"
EndProject
Project("{2150E333-8FDC-42A3-9474-1A3956D46DE8}") = "IoC", "IoC", "{73AE4D9F-E76A-44A3-B696-0D63BAADFEE9}"
EndProject
Project("{2150E333-8FDC-42A3-9474-1A3956D46DE8}") = "Reflection", "Reflection", "{4FE3DD4A-DFCB-437F-9444-04780C4DDF49}"
EndProject
Project("{2150E333-8FDC-42A3-9474-1A3956D46DE8}") = "DynamicProxy2", "DynamicProxy2", "{5D6F6FB9-7156-4B1A-8C3F-B9D905FD1F89}"
EndProject
Project("{2150E333-8FDC-42A3-9474-1A3956D46DE8}") = "IoC", "IoC", "{D956ADDB-9C73-4FEB-9151-7B146063A979}"
EndProject
Project("{2150E333-8FDC-42A3-9474-1A3956D46DE8}") = "Reflection", "Reflection", "{40FC5D0E-AE25-435D-9073-A76F7A93F9CA}"
EndProject
Project("{FAE04EC0-301F-11D3-BF4B-00C04F79EFBC}") = "LinFu.AOP.Interfaces", "LinFu.AOP.Interfaces\LinFu.AOP.Interfaces.csproj", "{0F8C48B0-4AE9-4429-AB90-C5141D710C2C}"
EndProject
Project("{2150E333-8FDC-42A3-9474-1A3956D46DE8}") = "AOP", "AOP", "{0BE0C8E5-9021-4929-9821-173AF48B74B8}"
EndProject
Project("{FAE04EC0-301F-11D3-BF4B-00C04F79EFBC}") = "LinFu.Reflection.Emit", "LinFu.Reflection.Emit\LinFu.Reflection.Emit.csproj", "{22B3D63C-29E9-49D3-86CB-28FF7D2C70E7}"
EndProject
Project("{FAE04EC0-301F-11D3-BF4B-00C04F79EFBC}") = "LinFu.Reflection.Emit.Interfaces", "LinFu.Reflection.Emit.Interfaces\LinFu.Reflection.Emit.Interfaces.csproj", "{5DDB50DF-F14A-4D05-9A6B-99AC348617F1}"
EndProject
Project("{FAE04EC0-301F-11D3-BF4B-00C04F79EFBC}") = "LinFu.DynamicProxy2", "LinFu.DynamicProxy2\LinFu.DynamicProxy2.csproj", "{54DA7856-9026-439A-8FFE-88BBF99577B8}"
EndProject
Project("{2150E333-8FDC-42A3-9474-1A3956D46DE8}") = "DynamicProxy2", "DynamicProxy2", "{F637D3B2-8B2F-43BF-AF07-DC517D007B74}"
EndProject
Project("{2150E333-8FDC-42A3-9474-1A3956D46DE8}") = "AOP", "AOP", "{F6C59327-B373-4938-988A-30FB3CF63785}"
EndProject
Project("{FAE04EC0-301F-11D3-BF4B-00C04F79EFBC}") = "LinFu.AOP", "LinFu.AOP\LinFu.AOP.csproj", "{613B6547-DCBB-4505-82B8-B4179BFC95CE}"
EndProject
Global
	GlobalSection(SolutionConfigurationPlatforms) = preSolution
		AutomatedDebug|Any CPU = AutomatedDebug|Any CPU
		Debug|Any CPU = Debug|Any CPU
		Release|Any CPU = Release|Any CPU
	EndGlobalSection
	GlobalSection(ProjectConfigurationPlatforms) = postSolution
		{E3B1686C-DCB3-44E7-BB25-9483592EA942}.AutomatedDebug|Any CPU.ActiveCfg = AutomatedDebug|Any CPU
		{E3B1686C-DCB3-44E7-BB25-9483592EA942}.AutomatedDebug|Any CPU.Build.0 = AutomatedDebug|Any CPU
		{E3B1686C-DCB3-44E7-BB25-9483592EA942}.Debug|Any CPU.ActiveCfg = Debug|Any CPU
		{E3B1686C-DCB3-44E7-BB25-9483592EA942}.Debug|Any CPU.Build.0 = Debug|Any CPU
		{E3B1686C-DCB3-44E7-BB25-9483592EA942}.Release|Any CPU.ActiveCfg = Release|Any CPU
		{E3B1686C-DCB3-44E7-BB25-9483592EA942}.Release|Any CPU.Build.0 = Release|Any CPU
		{C6AC7707-9288-4ADF-9053-34FE71FFE0BE}.AutomatedDebug|Any CPU.ActiveCfg = Debug|Any CPU
		{C6AC7707-9288-4ADF-9053-34FE71FFE0BE}.AutomatedDebug|Any CPU.Build.0 = Debug|Any CPU
		{C6AC7707-9288-4ADF-9053-34FE71FFE0BE}.Debug|Any CPU.ActiveCfg = Debug|Any CPU
		{C6AC7707-9288-4ADF-9053-34FE71FFE0BE}.Debug|Any CPU.Build.0 = Debug|Any CPU
		{C6AC7707-9288-4ADF-9053-34FE71FFE0BE}.Release|Any CPU.ActiveCfg = Release|Any CPU
		{C6AC7707-9288-4ADF-9053-34FE71FFE0BE}.Release|Any CPU.Build.0 = Release|Any CPU
		{FA3D5517-EFF4-4363-AFF2-EF67B981334E}.AutomatedDebug|Any CPU.ActiveCfg = Debug|Any CPU
		{FA3D5517-EFF4-4363-AFF2-EF67B981334E}.AutomatedDebug|Any CPU.Build.0 = Debug|Any CPU
		{FA3D5517-EFF4-4363-AFF2-EF67B981334E}.Debug|Any CPU.ActiveCfg = Debug|Any CPU
		{FA3D5517-EFF4-4363-AFF2-EF67B981334E}.Debug|Any CPU.Build.0 = Debug|Any CPU
		{FA3D5517-EFF4-4363-AFF2-EF67B981334E}.Release|Any CPU.ActiveCfg = Release|Any CPU
		{FA3D5517-EFF4-4363-AFF2-EF67B981334E}.Release|Any CPU.Build.0 = Release|Any CPU
		{14DB06BE-3178-4A01-98AB-DFC65485E567}.AutomatedDebug|Any CPU.ActiveCfg = Debug|Any CPU
		{14DB06BE-3178-4A01-98AB-DFC65485E567}.AutomatedDebug|Any CPU.Build.0 = Debug|Any CPU
		{14DB06BE-3178-4A01-98AB-DFC65485E567}.Debug|Any CPU.ActiveCfg = Debug|Any CPU
		{14DB06BE-3178-4A01-98AB-DFC65485E567}.Debug|Any CPU.Build.0 = Debug|Any CPU
		{14DB06BE-3178-4A01-98AB-DFC65485E567}.Release|Any CPU.ActiveCfg = Release|Any CPU
		{14DB06BE-3178-4A01-98AB-DFC65485E567}.Release|Any CPU.Build.0 = Release|Any CPU
		{9FFE90E0-49C0-4C37-91AE-ADB9B2F3D832}.AutomatedDebug|Any CPU.ActiveCfg = Debug|Any CPU
		{9FFE90E0-49C0-4C37-91AE-ADB9B2F3D832}.AutomatedDebug|Any CPU.Build.0 = Debug|Any CPU
		{9FFE90E0-49C0-4C37-91AE-ADB9B2F3D832}.Debug|Any CPU.ActiveCfg = Debug|Any CPU
		{9FFE90E0-49C0-4C37-91AE-ADB9B2F3D832}.Debug|Any CPU.Build.0 = Debug|Any CPU
		{9FFE90E0-49C0-4C37-91AE-ADB9B2F3D832}.Release|Any CPU.ActiveCfg = Release|Any CPU
		{9FFE90E0-49C0-4C37-91AE-ADB9B2F3D832}.Release|Any CPU.Build.0 = Release|Any CPU
		{EFBACCF3-C834-4114-9FC1-1F190DD6CE98}.AutomatedDebug|Any CPU.ActiveCfg = Debug|Any CPU
		{EFBACCF3-C834-4114-9FC1-1F190DD6CE98}.AutomatedDebug|Any CPU.Build.0 = Debug|Any CPU
		{EFBACCF3-C834-4114-9FC1-1F190DD6CE98}.Debug|Any CPU.ActiveCfg = Debug|Any CPU
		{EFBACCF3-C834-4114-9FC1-1F190DD6CE98}.Debug|Any CPU.Build.0 = Debug|Any CPU
		{EFBACCF3-C834-4114-9FC1-1F190DD6CE98}.Release|Any CPU.ActiveCfg = Release|Any CPU
		{EFBACCF3-C834-4114-9FC1-1F190DD6CE98}.Release|Any CPU.Build.0 = Release|Any CPU
		{857A7827-0969-4BC7-A941-61A060B9BBA8}.AutomatedDebug|Any CPU.ActiveCfg = Debug|Any CPU
		{857A7827-0969-4BC7-A941-61A060B9BBA8}.AutomatedDebug|Any CPU.Build.0 = Debug|Any CPU
		{857A7827-0969-4BC7-A941-61A060B9BBA8}.Debug|Any CPU.ActiveCfg = Debug|Any CPU
		{857A7827-0969-4BC7-A941-61A060B9BBA8}.Debug|Any CPU.Build.0 = Debug|Any CPU
		{857A7827-0969-4BC7-A941-61A060B9BBA8}.Release|Any CPU.ActiveCfg = Release|Any CPU
		{857A7827-0969-4BC7-A941-61A060B9BBA8}.Release|Any CPU.Build.0 = Release|Any CPU
		{DEFBEF97-B03C-448F-9518-394735439E2E}.AutomatedDebug|Any CPU.ActiveCfg = Debug|Any CPU
		{DEFBEF97-B03C-448F-9518-394735439E2E}.AutomatedDebug|Any CPU.Build.0 = Debug|Any CPU
		{DEFBEF97-B03C-448F-9518-394735439E2E}.Debug|Any CPU.ActiveCfg = Debug|Any CPU
		{DEFBEF97-B03C-448F-9518-394735439E2E}.Debug|Any CPU.Build.0 = Debug|Any CPU
		{DEFBEF97-B03C-448F-9518-394735439E2E}.Release|Any CPU.ActiveCfg = Release|Any CPU
		{DEFBEF97-B03C-448F-9518-394735439E2E}.Release|Any CPU.Build.0 = Release|Any CPU
		{22EEB00F-F471-486C-A6AD-60F088821C78}.AutomatedDebug|Any CPU.ActiveCfg = Debug|Any CPU
		{22EEB00F-F471-486C-A6AD-60F088821C78}.AutomatedDebug|Any CPU.Build.0 = Debug|Any CPU
		{22EEB00F-F471-486C-A6AD-60F088821C78}.Debug|Any CPU.ActiveCfg = Debug|Any CPU
		{22EEB00F-F471-486C-A6AD-60F088821C78}.Debug|Any CPU.Build.0 = Debug|Any CPU
		{22EEB00F-F471-486C-A6AD-60F088821C78}.Release|Any CPU.ActiveCfg = Release|Any CPU
		{22EEB00F-F471-486C-A6AD-60F088821C78}.Release|Any CPU.Build.0 = Release|Any CPU
		{2470C3FC-4EFD-40DC-9EB7-759325B35E5C}.AutomatedDebug|Any CPU.ActiveCfg = Debug|Any CPU
		{2470C3FC-4EFD-40DC-9EB7-759325B35E5C}.AutomatedDebug|Any CPU.Build.0 = Debug|Any CPU
		{2470C3FC-4EFD-40DC-9EB7-759325B35E5C}.Debug|Any CPU.ActiveCfg = Debug|Any CPU
		{2470C3FC-4EFD-40DC-9EB7-759325B35E5C}.Debug|Any CPU.Build.0 = Debug|Any CPU
		{2470C3FC-4EFD-40DC-9EB7-759325B35E5C}.Release|Any CPU.ActiveCfg = Release|Any CPU
		{2470C3FC-4EFD-40DC-9EB7-759325B35E5C}.Release|Any CPU.Build.0 = Release|Any CPU
		{2554BD3F-0054-4963-A42C-8ADA07590E04}.AutomatedDebug|Any CPU.ActiveCfg = Debug|Any CPU
		{2554BD3F-0054-4963-A42C-8ADA07590E04}.AutomatedDebug|Any CPU.Build.0 = Debug|Any CPU
		{2554BD3F-0054-4963-A42C-8ADA07590E04}.Debug|Any CPU.ActiveCfg = Debug|Any CPU
		{2554BD3F-0054-4963-A42C-8ADA07590E04}.Debug|Any CPU.Build.0 = Debug|Any CPU
		{2554BD3F-0054-4963-A42C-8ADA07590E04}.Release|Any CPU.ActiveCfg = Release|Any CPU
		{2554BD3F-0054-4963-A42C-8ADA07590E04}.Release|Any CPU.Build.0 = Release|Any CPU
		{E931E87A-3ED8-4028-8990-F0F4054C0847}.AutomatedDebug|Any CPU.ActiveCfg = Debug|Any CPU
		{E931E87A-3ED8-4028-8990-F0F4054C0847}.AutomatedDebug|Any CPU.Build.0 = Debug|Any CPU
		{E931E87A-3ED8-4028-8990-F0F4054C0847}.Debug|Any CPU.ActiveCfg = Debug|Any CPU
		{E931E87A-3ED8-4028-8990-F0F4054C0847}.Debug|Any CPU.Build.0 = Debug|Any CPU
		{E931E87A-3ED8-4028-8990-F0F4054C0847}.Release|Any CPU.ActiveCfg = Release|Any CPU
		{E931E87A-3ED8-4028-8990-F0F4054C0847}.Release|Any CPU.Build.0 = Release|Any CPU
		{6C29A409-6148-49AC-A192-DC6F33F3304C}.AutomatedDebug|Any CPU.ActiveCfg = Debug|Any CPU
		{6C29A409-6148-49AC-A192-DC6F33F3304C}.AutomatedDebug|Any CPU.Build.0 = Debug|Any CPU
		{6C29A409-6148-49AC-A192-DC6F33F3304C}.Debug|Any CPU.ActiveCfg = Debug|Any CPU
		{6C29A409-6148-49AC-A192-DC6F33F3304C}.Debug|Any CPU.Build.0 = Debug|Any CPU
		{6C29A409-6148-49AC-A192-DC6F33F3304C}.Release|Any CPU.ActiveCfg = Release|Any CPU
		{6C29A409-6148-49AC-A192-DC6F33F3304C}.Release|Any CPU.Build.0 = Release|Any CPU
		{0F8C48B0-4AE9-4429-AB90-C5141D710C2C}.AutomatedDebug|Any CPU.ActiveCfg = Debug|Any CPU
		{0F8C48B0-4AE9-4429-AB90-C5141D710C2C}.AutomatedDebug|Any CPU.Build.0 = Debug|Any CPU
		{0F8C48B0-4AE9-4429-AB90-C5141D710C2C}.Debug|Any CPU.ActiveCfg = Debug|Any CPU
		{0F8C48B0-4AE9-4429-AB90-C5141D710C2C}.Debug|Any CPU.Build.0 = Debug|Any CPU
		{0F8C48B0-4AE9-4429-AB90-C5141D710C2C}.Release|Any CPU.ActiveCfg = Release|Any CPU
		{0F8C48B0-4AE9-4429-AB90-C5141D710C2C}.Release|Any CPU.Build.0 = Release|Any CPU
		{22B3D63C-29E9-49D3-86CB-28FF7D2C70E7}.AutomatedDebug|Any CPU.ActiveCfg = Debug|Any CPU
		{22B3D63C-29E9-49D3-86CB-28FF7D2C70E7}.AutomatedDebug|Any CPU.Build.0 = Debug|Any CPU
		{22B3D63C-29E9-49D3-86CB-28FF7D2C70E7}.Debug|Any CPU.ActiveCfg = Debug|Any CPU
		{22B3D63C-29E9-49D3-86CB-28FF7D2C70E7}.Debug|Any CPU.Build.0 = Debug|Any CPU
		{22B3D63C-29E9-49D3-86CB-28FF7D2C70E7}.Release|Any CPU.ActiveCfg = Release|Any CPU
		{22B3D63C-29E9-49D3-86CB-28FF7D2C70E7}.Release|Any CPU.Build.0 = Release|Any CPU
		{5DDB50DF-F14A-4D05-9A6B-99AC348617F1}.AutomatedDebug|Any CPU.ActiveCfg = Debug|Any CPU
		{5DDB50DF-F14A-4D05-9A6B-99AC348617F1}.AutomatedDebug|Any CPU.Build.0 = Debug|Any CPU
		{5DDB50DF-F14A-4D05-9A6B-99AC348617F1}.Debug|Any CPU.ActiveCfg = Debug|Any CPU
		{5DDB50DF-F14A-4D05-9A6B-99AC348617F1}.Debug|Any CPU.Build.0 = Debug|Any CPU
		{5DDB50DF-F14A-4D05-9A6B-99AC348617F1}.Release|Any CPU.ActiveCfg = Release|Any CPU
		{5DDB50DF-F14A-4D05-9A6B-99AC348617F1}.Release|Any CPU.Build.0 = Release|Any CPU
		{54DA7856-9026-439A-8FFE-88BBF99577B8}.AutomatedDebug|Any CPU.ActiveCfg = Debug|Any CPU
		{54DA7856-9026-439A-8FFE-88BBF99577B8}.AutomatedDebug|Any CPU.Build.0 = Debug|Any CPU
		{54DA7856-9026-439A-8FFE-88BBF99577B8}.Debug|Any CPU.ActiveCfg = Debug|Any CPU
		{54DA7856-9026-439A-8FFE-88BBF99577B8}.Debug|Any CPU.Build.0 = Debug|Any CPU
		{54DA7856-9026-439A-8FFE-88BBF99577B8}.Release|Any CPU.ActiveCfg = Release|Any CPU
		{54DA7856-9026-439A-8FFE-88BBF99577B8}.Release|Any CPU.Build.0 = Release|Any CPU
		{613B6547-DCBB-4505-82B8-B4179BFC95CE}.AutomatedDebug|Any CPU.ActiveCfg = Debug|Any CPU
		{613B6547-DCBB-4505-82B8-B4179BFC95CE}.AutomatedDebug|Any CPU.Build.0 = Debug|Any CPU
		{613B6547-DCBB-4505-82B8-B4179BFC95CE}.Debug|Any CPU.ActiveCfg = Debug|Any CPU
		{613B6547-DCBB-4505-82B8-B4179BFC95CE}.Debug|Any CPU.Build.0 = Debug|Any CPU
		{613B6547-DCBB-4505-82B8-B4179BFC95CE}.Release|Any CPU.ActiveCfg = Release|Any CPU
		{613B6547-DCBB-4505-82B8-B4179BFC95CE}.Release|Any CPU.Build.0 = Release|Any CPU
	EndGlobalSection
	GlobalSection(SolutionProperties) = preSolution
		HideSolutionNode = FALSE
	EndGlobalSection
	GlobalSection(NestedProjects) = preSolution
		{DEFBEF97-B03C-448F-9518-394735439E2E} = {ABA33622-285A-4272-BAC9-5ED0855E1AF5}
		{E3B1686C-DCB3-44E7-BB25-9483592EA942} = {ABA33622-285A-4272-BAC9-5ED0855E1AF5}
		{D956ADDB-9C73-4FEB-9151-7B146063A979} = {5B5BB34E-7987-48F2-8183-D8AE3D7AB361}
		{40FC5D0E-AE25-435D-9073-A76F7A93F9CA} = {5B5BB34E-7987-48F2-8183-D8AE3D7AB361}
		{5D6F6FB9-7156-4B1A-8C3F-B9D905FD1F89} = {5B5BB34E-7987-48F2-8183-D8AE3D7AB361}
		{0BE0C8E5-9021-4929-9821-173AF48B74B8} = {5B5BB34E-7987-48F2-8183-D8AE3D7AB361}
		{73AE4D9F-E76A-44A3-B696-0D63BAADFEE9} = {6298C321-5C1D-43DD-B372-9CBF4529E9B4}
		{4FE3DD4A-DFCB-437F-9444-04780C4DDF49} = {6298C321-5C1D-43DD-B372-9CBF4529E9B4}
		{F637D3B2-8B2F-43BF-AF07-DC517D007B74} = {6298C321-5C1D-43DD-B372-9CBF4529E9B4}
		{F6C59327-B373-4938-988A-30FB3CF63785} = {6298C321-5C1D-43DD-B372-9CBF4529E9B4}
		{9FFE90E0-49C0-4C37-91AE-ADB9B2F3D832} = {73AE4D9F-E76A-44A3-B696-0D63BAADFEE9}
		{EFBACCF3-C834-4114-9FC1-1F190DD6CE98} = {73AE4D9F-E76A-44A3-B696-0D63BAADFEE9}
		{FA3D5517-EFF4-4363-AFF2-EF67B981334E} = {73AE4D9F-E76A-44A3-B696-0D63BAADFEE9}
		{2554BD3F-0054-4963-A42C-8ADA07590E04} = {73AE4D9F-E76A-44A3-B696-0D63BAADFEE9}
		{14DB06BE-3178-4A01-98AB-DFC65485E567} = {73AE4D9F-E76A-44A3-B696-0D63BAADFEE9}
		{C6AC7707-9288-4ADF-9053-34FE71FFE0BE} = {D956ADDB-9C73-4FEB-9151-7B146063A979}
		{857A7827-0969-4BC7-A941-61A060B9BBA8} = {D956ADDB-9C73-4FEB-9151-7B146063A979}
		{E931E87A-3ED8-4028-8990-F0F4054C0847} = {4FE3DD4A-DFCB-437F-9444-04780C4DDF49}
		{22EEB00F-F471-486C-A6AD-60F088821C78} = {4FE3DD4A-DFCB-437F-9444-04780C4DDF49}
		{22B3D63C-29E9-49D3-86CB-28FF7D2C70E7} = {4FE3DD4A-DFCB-437F-9444-04780C4DDF49}
		{2470C3FC-4EFD-40DC-9EB7-759325B35E5C} = {40FC5D0E-AE25-435D-9073-A76F7A93F9CA}
		{5DDB50DF-F14A-4D05-9A6B-99AC348617F1} = {40FC5D0E-AE25-435D-9073-A76F7A93F9CA}
		{6C29A409-6148-49AC-A192-DC6F33F3304C} = {5D6F6FB9-7156-4B1A-8C3F-B9D905FD1F89}
		{0F8C48B0-4AE9-4429-AB90-C5141D710C2C} = {0BE0C8E5-9021-4929-9821-173AF48B74B8}
		{54DA7856-9026-439A-8FFE-88BBF99577B8} = {F637D3B2-8B2F-43BF-AF07-DC517D007B74}
		{613B6547-DCBB-4505-82B8-B4179BFC95CE} = {F6C59327-B373-4938-988A-30FB3CF63785}
	EndGlobalSection
	GlobalSection(ExtensibilityGlobals) = postSolution
		VisualSVNWorkingCopyRoot = ..
	EndGlobalSection
EndGlobal
